
Microsoft Visual Studio Solution File, Format Version 11.00
# Visual Studio 2010
# SharpDevelop 4.4
Project("{FAE04EC0-301F-11D3-BF4B-00C04F79EFBC}") = "Practica #1", "Practica #1\Practica #1.csproj", "{F24168A9-E4DB-4638-B277-268D99E9A7CA}"
EndProject
Global
	GlobalSection(SolutionConfigurationPlatforms) = preSolution
		Debug|Any CPU = Debug|Any CPU
		Release|Any CPU = Release|Any CPU
	EndGlobalSection
	GlobalSection(ProjectConfigurationPlatforms) = postSolution
		{F24168A9-E4DB-4638-B277-268D99E9A7CA}.Debug|Any CPU.Build.0 = Debug|Any CPU
		{F24168A9-E4DB-4638-B277-268D99E9A7CA}.Debug|Any CPU.ActiveCfg = Debug|Any CPU
		{F24168A9-E4DB-4638-B277-268D99E9A7CA}.Release|Any CPU.Build.0 = Release|Any CPU
		{F24168A9-E4DB-4638-B277-268D99E9A7CA}.Release|Any CPU.ActiveCfg = Release|Any CPU
	EndGlobalSection
EndGlobal
